
Microsoft Visual Studio Solution File, Format Version 12.00
# Visual Studio 15
VisualStudioVersion = 15.0.28010.2041
MinimumVisualStudioVersion = 10.0.40219.1
Project("{8BC9CEB8-8B4A-11D0-8D11-00A0C91BC942}") = "leetcode", "leetcode\leetcode.vcxproj", "{76CAA384-2EE1-4F63-AF6E-CF4B64BE9F33}"
EndProject
Project("{888888A0-9F3D-457C-B088-3A5042F75D52}") = "leetcodePy", "leetcodePy\leetcodePy.pyproj", "{D9893BC8-A6D9-427D-9B74-217D59793F1E}"
EndProject
Global
	GlobalSection(SolutionConfigurationPlatforms) = preSolution
		Debug|Any CPU = Debug|Any CPU
		Debug|x64 = Debug|x64
		Debug|x86 = Debug|x86
		Release|Any CPU = Release|Any CPU
		Release|x64 = Release|x64
		Release|x86 = Release|x86
	EndGlobalSection
	GlobalSection(ProjectConfigurationPlatforms) = postSolution
		{76CAA384-2EE1-4F63-AF6E-CF4B64BE9F33}.Debug|Any CPU.ActiveCfg = Debug|Win32
		{76CAA384-2EE1-4F63-AF6E-CF4B64BE9F33}.Debug|x64.ActiveCfg = Debug|x64
		{76CAA384-2EE1-4F63-AF6E-CF4B64BE9F33}.Debug|x64.Build.0 = Debug|x64
		{76CAA384-2EE1-4F63-AF6E-CF4B64BE9F33}.Debug|x86.ActiveCfg = Debug|Win32
		{76CAA384-2EE1-4F63-AF6E-CF4B64BE9F33}.Debug|x86.Build.0 = Debug|Win32
		{76CAA384-2EE1-4F63-AF6E-CF4B64BE9F33}.Release|Any CPU.ActiveCfg = Release|Win32
		{76CAA384-2EE1-4F63-AF6E-CF4B64BE9F33}.Release|x64.ActiveCfg = Release|x64
		{76CAA384-2EE1-4F63-AF6E-CF4B64BE9F33}.Release|x64.Build.0 = Release|x64
		{76CAA384-2EE1-4F63-AF6E-CF4B64BE9F33}.Release|x86.ActiveCfg = Release|Win32
		{76CAA384-2EE1-4F63-AF6E-CF4B64BE9F33}.Release|x86.Build.0 = Release|Win32
		{D9893BC8-A6D9-427D-9B74-217D59793F1E}.Debug|Any CPU.ActiveCfg = Debug|Any CPU
		{D9893BC8-A6D9-427D-9B74-217D59793F1E}.Debug|x64.ActiveCfg = Debug|Any CPU
		{D9893BC8-A6D9-427D-9B74-217D59793F1E}.Debug|x86.ActiveCfg = Debug|Any CPU
		{D9893BC8-A6D9-427D-9B74-217D59793F1E}.Release|Any CPU.ActiveCfg = Release|Any CPU
		{D9893BC8-A6D9-427D-9B74-217D59793F1E}.Release|x64.ActiveCfg = Release|Any CPU
		{D9893BC8-A6D9-427D-9B74-217D59793F1E}.Release|x86.ActiveCfg = Release|Any CPU
	EndGlobalSection
	GlobalSection(SolutionProperties) = preSolution
		HideSolutionNode = FALSE
	EndGlobalSection
	GlobalSection(ExtensibilityGlobals) = postSolution
		SolutionGuid = {05DE1490-802F-4281-A2AC-F34A504FFF18}
	EndGlobalSection
EndGlobal
