<?xml version="1.0" encoding="utf-8"?>
<Project ToolsVersion="4.0" xmlns="http://schemas.microsoft.com/developer/msbuild/2003">
  <ItemGroup>
    <Filter Include="源文件">
      <UniqueIdentifier>{4FC737F1-C7A5-4376-A066-2A32D752A2FF}</UniqueIdentifier>
      <Extensions>cpp;c;cc;cxx;def;odl;idl;hpj;bat;asm;asmx</Extensions>
    </Filter>
    <Filter Include="头文件">
      <UniqueIdentifier>{93995380-89BD-4b04-88EB-625FBE52EBFB}</UniqueIdentifier>
      <Extensions>h;hh;hpp;hxx;hm;inl;inc;ipp;xsd</Extensions>
    </Filter>
    <Filter Include="资源文件">
      <UniqueIdentifier>{67DA6AB6-F800-4c08-8B7A-83BB121AAD01}</UniqueIdentifier>
      <Extensions>rc;ico;cur;bmp;dlg;rc2;rct;bin;rgs;gif;jpg;jpeg;jpe;resx;tiff;tif;png;wav;mfcribbon-ms</Extensions>
    </Filter>
  </ItemGroup>
  <ItemGroup>
    <ClCompile Include="leetcode17.cpp">
      <Filter>源文件</Filter>
    </ClCompile>
    <ClCompile Include="leetcode430.cpp">
      <Filter>源文件</Filter>
    </ClCompile>
    <ClCompile Include="leetcode769.cpp">
      <Filter>源文件</Filter>
    </ClCompile>
    <ClCompile Include="leetcode72.cpp">
      <Filter>源文件</Filter>
    </ClCompile>
    <ClCompile Include="leetcode874.cpp">
      <Filter>源文件</Filter>
    </ClCompile>
    <ClCompile Include="leetcode410.cpp">
      <Filter>源文件</Filter>
    </ClCompile>
    <ClCompile Include="leetcode2.cpp">
      <Filter>源文件</Filter>
    </ClCompile>
    <ClCompile Include="leetcode861.cpp">
      <Filter>源文件</Filter>
    </ClCompile>
    <ClCompile Include="leetcode112.cpp">
      <Filter>源文件</Filter>
    </ClCompile>
    <ClCompile Include="leetcode206.cpp">
      <Filter>源文件</Filter>
    </ClCompile>
    <ClCompile Include="leetcode54.cpp">
      <Filter>源文件</Filter>
    </ClCompile>
    <ClCompile Include="leetcode59.cpp">
      <Filter>源文件</Filter>
    </ClCompile>
    <ClCompile Include="leetcode136.cpp">
      <Filter>源文件</Filter>
    </ClCompile>
    <ClCompile Include="leetcode771.cpp">
      <Filter>源文件</Filter>
    </ClCompile>
    <ClCompile Include="leetcode929.cpp">
      <Filter>源文件</Filter>
    </ClCompile>
    <ClCompile Include="leetcode709.cpp">
      <Filter>源文件</Filter>
    </ClCompile>
    <ClCompile Include="leetcode905.cpp">
      <Filter>源文件</Filter>
    </ClCompile>
    <ClCompile Include="leetcode832.cpp">
      <Filter>源文件</Filter>
    </ClCompile>
    <ClCompile Include="leetcode461.cpp">
      <Filter>源文件</Filter>
    </ClCompile>
    <ClCompile Include="leetcode657.cpp">
      <Filter>源文件</Filter>
    </ClCompile>
    <ClCompile Include="leetcode104.cpp">
      <Filter>源文件</Filter>
    </ClCompile>
    <ClCompile Include="whu1.cpp">
      <Filter>源文件</Filter>
    </ClCompile>
    <ClCompile Include="whu2.cpp">
      <Filter>源文件</Filter>
    </ClCompile>
    <ClCompile Include="leetcode804.cpp">
      <Filter>源文件</Filter>
    </ClCompile>
    <ClCompile Include="leetcode922.cpp">
      <Filter>源文件</Filter>
    </ClCompile>
    <ClCompile Include="leetcode852.cpp">
      <Filter>源文件</Filter>
    </ClCompile>
    <ClCompile Include="leetcode162.cpp">
      <Filter>源文件</Filter>
    </ClCompile>
    <ClCompile Include="leetcode476.cpp">
      <Filter>源文件</Filter>
    </ClCompile>
    <ClCompile Include="leetcode226.cpp">
      <Filter>源文件</Filter>
    </ClCompile>
    <ClCompile Include="leetcode942.cpp">
      <Filter>源文件</Filter>
    </ClCompile>
    <ClCompile Include="leetcode617.cpp">
      <Filter>源文件</Filter>
    </ClCompile>
    <ClCompile Include="leetcode344.cpp">
      <Filter>源文件</Filter>
    </ClCompile>
    <ClCompile Include="leetcode237.cpp">
      <Filter>源文件</Filter>
    </ClCompile>
    <ClCompile Include="leetcode492.cpp">
      <Filter>源文件</Filter>
    </ClCompile>
    <ClCompile Include="leetcode728.cpp">
      <Filter>源文件</Filter>
    </ClCompile>
    <ClCompile Include="leetcode589.cpp">
      <Filter>源文件</Filter>
    </ClCompile>
    <ClCompile Include="leetcode500.cpp">
      <Filter>源文件</Filter>
    </ClCompile>
    <ClCompile Include="leetcode590.cpp">
      <Filter>源文件</Filter>
    </ClCompile>
    <ClCompile Include="leetcode944.cpp">
      <Filter>源文件</Filter>
    </ClCompile>
    <ClCompile Include="leetcode171.cpp">
      <Filter>源文件</Filter>
    </ClCompile>
    <ClCompile Include="leetcode559.cpp">
      <Filter>源文件</Filter>
    </ClCompile>
    <ClCompile Include="leetcode867.cpp">
      <Filter>源文件</Filter>
    </ClCompile>
    <ClCompile Include="leetcode258.cpp">
      <Filter>源文件</Filter>
    </ClCompile>
    <ClCompile Include="leetcode557.cpp">
      <Filter>源文件</Filter>
    </ClCompile>
    <ClCompile Include="leetcode908.cpp">
      <Filter>源文件</Filter>
    </ClCompile>
    <ClCompile Include="leetcode561.cpp">
      <Filter>源文件</Filter>
    </ClCompile>
    <ClCompile Include="leetcode821.cpp">
      <Filter>源文件</Filter>
    </ClCompile>
    <ClCompile Include="leetcode811.cpp">
      <Filter>源文件</Filter>
    </ClCompile>
    <ClCompile Include="leetcode700.cpp">
      <Filter>源文件</Filter>
    </ClCompile>
    <ClCompile Include="leetcode693.cpp">
      <Filter>源文件</Filter>
    </ClCompile>
    <ClCompile Include="leetcode108.cpp">
      <Filter>源文件</Filter>
    </ClCompile>
    <ClCompile Include="leetcode806.cpp">
      <Filter>源文件</Filter>
    </ClCompile>
    <ClCompile Include="leetcode118.cpp">
      <Filter>源文件</Filter>
    </ClCompile>
    <ClCompile Include="leetcode521.cpp">
      <Filter>源文件</Filter>
    </ClCompile>
    <ClCompile Include="leetcode371.cpp">
      <Filter>源文件</Filter>
    </ClCompile>
    <ClCompile Include="leetcode463.cpp">
      <Filter>源文件</Filter>
    </ClCompile>
    <ClCompile Include="leetcode494.cpp">
      <Filter>源文件</Filter>
    </ClCompile>
    <ClCompile Include="leetcode669.cpp">
      <Filter>源文件</Filter>
    </ClCompile>
    <ClCompile Include="leetcode961.cpp">
      <Filter>源文件</Filter>
    </ClCompile>
    <ClCompile Include="leetcode458.cpp">
      <Filter>源文件</Filter>
    </ClCompile>
    <ClCompile Include="leetcode387.cpp">
      <Filter>源文件</Filter>
    </ClCompile>
    <ClCompile Include="leetcode925.cpp">
      <Filter>源文件</Filter>
    </ClCompile>
    <ClCompile Include="leetcode519.cpp">
      <Filter>源文件</Filter>
    </ClCompile>
    <ClCompile Include="leetcode152.cpp">
      <Filter>源文件</Filter>
    </ClCompile>
    <ClCompile Include="leetcode349.cpp">
      <Filter>源文件</Filter>
    </ClCompile>
    <ClCompile Include="leetcode933.cpp">
      <Filter>源文件</Filter>
    </ClCompile>
    <ClCompile Include="leetcode107.cpp">
      <Filter>源文件</Filter>
    </ClCompile>
    <ClCompile Include="leetcode412.cpp">
      <Filter>源文件</Filter>
    </ClCompile>
    <ClCompile Include="leetcode566.cpp">
      <Filter>源文件</Filter>
    </ClCompile>
    <ClCompile Include="leetcode429.cpp">
      <Filter>源文件</Filter>
    </ClCompile>
    <ClCompile Include="leetcode575.cpp">
      <Filter>源文件</Filter>
    </ClCompile>
    <ClCompile Include="leetcode496.cpp">
      <Filter>源文件</Filter>
    </ClCompile>
    <ClCompile Include="leetcode876.cpp">
      <Filter>源文件</Filter>
    </ClCompile>
    <ClCompile Include="leetcode401.cpp">
      <Filter>源文件</Filter>
    </ClCompile>
    <ClCompile Include="leetcode893.cpp">
      <Filter>源文件</Filter>
    </ClCompile>
    <ClCompile Include="leetcode628.cpp">
      <Filter>源文件</Filter>
    </ClCompile>
    <ClCompile Include="leetcode538.cpp">
      <Filter>源文件</Filter>
    </ClCompile>
    <ClCompile Include="leetcode748.cpp">
      <Filter>源文件</Filter>
    </ClCompile>
    <ClCompile Include="leetcode687.cpp">
      <Filter>源文件</Filter>
    </ClCompile>
    <ClCompile Include="leetcode427.cpp">
      <Filter>源文件</Filter>
    </ClCompile>
    <ClCompile Include="leetcode977.cpp">
      <Filter>源文件</Filter>
    </ClCompile>
    <ClCompile Include="leetcode985.cpp">
      <Filter>源文件</Filter>
    </ClCompile>
    <ClCompile Include="leetcode189.cpp">
      <Filter>源文件</Filter>
    </ClCompile>
    <ClCompile Include="leetcode101.cpp">
      <Filter>源文件</Filter>
    </ClCompile>
  </ItemGroup>
  <ItemGroup>
    <ClInclude Include="afx.h">
      <Filter>头文件</Filter>
    </ClInclude>
  </ItemGroup>
</Project>